
Microsoft Visual Studio Solution File, Format Version 12.00
# Visual Studio 15
VisualStudioVersion = 15.0.26124.0
MinimumVisualStudioVersion = 15.0.26124.0
Project("{FAE04EC0-301F-11D3-BF4B-00C04F79EFBC}") = "SamuraiApp.Domain", "SamuraiApp.Domain\SamuraiApp.Domain.csproj", "{CF4ED020-8DC1-46A8-BA9D-523B220E153C}"
EndProject
Project("{FAE04EC0-301F-11D3-BF4B-00C04F79EFBC}") = "SamuraiApp.Data", "SamuraiApp.Data\SamuraiApp.Data.csproj", "{8F406078-5BF1-44E2-8BBE-CDB29C8AFF42}"
EndProject
Project("{FAE04EC0-301F-11D3-BF4B-00C04F79EFBC}") = "Test", "Test\Test.csproj", "{B8907A8F-99BD-4A22-810C-83BF5B8797F3}"
EndProject
Project("{FAE04EC0-301F-11D3-BF4B-00C04F79EFBC}") = "ConsoleApp", "ConsoleApp\ConsoleApp.csproj", "{8D4D0AD0-71C2-4D4D-9D83-C544D774272C}"
EndProject
Global
	GlobalSection(SolutionConfigurationPlatforms) = preSolution
		Debug|Any CPU = Debug|Any CPU
		Debug|x64 = Debug|x64
		Debug|x86 = Debug|x86
		Release|Any CPU = Release|Any CPU
		Release|x64 = Release|x64
		Release|x86 = Release|x86
	EndGlobalSection
	GlobalSection(SolutionProperties) = preSolution
		HideSolutionNode = FALSE
	EndGlobalSection
	GlobalSection(ProjectConfigurationPlatforms) = postSolution
		{CF4ED020-8DC1-46A8-BA9D-523B220E153C}.Debug|Any CPU.ActiveCfg = Debug|Any CPU
		{CF4ED020-8DC1-46A8-BA9D-523B220E153C}.Debug|Any CPU.Build.0 = Debug|Any CPU
		{CF4ED020-8DC1-46A8-BA9D-523B220E153C}.Debug|x64.ActiveCfg = Debug|Any CPU
		{CF4ED020-8DC1-46A8-BA9D-523B220E153C}.Debug|x64.Build.0 = Debug|Any CPU
		{CF4ED020-8DC1-46A8-BA9D-523B220E153C}.Debug|x86.ActiveCfg = Debug|Any CPU
		{CF4ED020-8DC1-46A8-BA9D-523B220E153C}.Debug|x86.Build.0 = Debug|Any CPU
		{CF4ED020-8DC1-46A8-BA9D-523B220E153C}.Release|Any CPU.ActiveCfg = Release|Any CPU
		{CF4ED020-8DC1-46A8-BA9D-523B220E153C}.Release|Any CPU.Build.0 = Release|Any CPU
		{CF4ED020-8DC1-46A8-BA9D-523B220E153C}.Release|x64.ActiveCfg = Release|Any CPU
		{CF4ED020-8DC1-46A8-BA9D-523B220E153C}.Release|x64.Build.0 = Release|Any CPU
		{CF4ED020-8DC1-46A8-BA9D-523B220E153C}.Release|x86.ActiveCfg = Release|Any CPU
		{CF4ED020-8DC1-46A8-BA9D-523B220E153C}.Release|x86.Build.0 = Release|Any CPU
		{8F406078-5BF1-44E2-8BBE-CDB29C8AFF42}.Debug|Any CPU.ActiveCfg = Debug|Any CPU
		{8F406078-5BF1-44E2-8BBE-CDB29C8AFF42}.Debug|Any CPU.Build.0 = Debug|Any CPU
		{8F406078-5BF1-44E2-8BBE-CDB29C8AFF42}.Debug|x64.ActiveCfg = Debug|Any CPU
		{8F406078-5BF1-44E2-8BBE-CDB29C8AFF42}.Debug|x64.Build.0 = Debug|Any CPU
		{8F406078-5BF1-44E2-8BBE-CDB29C8AFF42}.Debug|x86.ActiveCfg = Debug|Any CPU
		{8F406078-5BF1-44E2-8BBE-CDB29C8AFF42}.Debug|x86.Build.0 = Debug|Any CPU
		{8F406078-5BF1-44E2-8BBE-CDB29C8AFF42}.Release|Any CPU.ActiveCfg = Release|Any CPU
		{8F406078-5BF1-44E2-8BBE-CDB29C8AFF42}.Release|Any CPU.Build.0 = Release|Any CPU
		{8F406078-5BF1-44E2-8BBE-CDB29C8AFF42}.Release|x64.ActiveCfg = Release|Any CPU
		{8F406078-5BF1-44E2-8BBE-CDB29C8AFF42}.Release|x64.Build.0 = Release|Any CPU
		{8F406078-5BF1-44E2-8BBE-CDB29C8AFF42}.Release|x86.ActiveCfg = Release|Any CPU
		{8F406078-5BF1-44E2-8BBE-CDB29C8AFF42}.Release|x86.Build.0 = Release|Any CPU
		{B8907A8F-99BD-4A22-810C-83BF5B8797F3}.Debug|Any CPU.ActiveCfg = Debug|Any CPU
		{B8907A8F-99BD-4A22-810C-83BF5B8797F3}.Debug|Any CPU.Build.0 = Debug|Any CPU
		{B8907A8F-99BD-4A22-810C-83BF5B8797F3}.Debug|x64.ActiveCfg = Debug|Any CPU
		{B8907A8F-99BD-4A22-810C-83BF5B8797F3}.Debug|x64.Build.0 = Debug|Any CPU
		{B8907A8F-99BD-4A22-810C-83BF5B8797F3}.Debug|x86.ActiveCfg = Debug|Any CPU
		{B8907A8F-99BD-4A22-810C-83BF5B8797F3}.Debug|x86.Build.0 = Debug|Any CPU
		{B8907A8F-99BD-4A22-810C-83BF5B8797F3}.Release|Any CPU.ActiveCfg = Release|Any CPU
		{B8907A8F-99BD-4A22-810C-83BF5B8797F3}.Release|Any CPU.Build.0 = Release|Any CPU
		{B8907A8F-99BD-4A22-810C-83BF5B8797F3}.Release|x64.ActiveCfg = Release|Any CPU
		{B8907A8F-99BD-4A22-810C-83BF5B8797F3}.Release|x64.Build.0 = Release|Any CPU
		{B8907A8F-99BD-4A22-810C-83BF5B8797F3}.Release|x86.ActiveCfg = Release|Any CPU
		{B8907A8F-99BD-4A22-810C-83BF5B8797F3}.Release|x86.Build.0 = Release|Any CPU
		{8D4D0AD0-71C2-4D4D-9D83-C544D774272C}.Debug|Any CPU.ActiveCfg = Debug|Any CPU
		{8D4D0AD0-71C2-4D4D-9D83-C544D774272C}.Debug|Any CPU.Build.0 = Debug|Any CPU
		{8D4D0AD0-71C2-4D4D-9D83-C544D774272C}.Debug|x64.ActiveCfg = Debug|Any CPU
		{8D4D0AD0-71C2-4D4D-9D83-C544D774272C}.Debug|x64.Build.0 = Debug|Any CPU
		{8D4D0AD0-71C2-4D4D-9D83-C544D774272C}.Debug|x86.ActiveCfg = Debug|Any CPU
		{8D4D0AD0-71C2-4D4D-9D83-C544D774272C}.Debug|x86.Build.0 = Debug|Any CPU
		{8D4D0AD0-71C2-4D4D-9D83-C544D774272C}.Release|Any CPU.ActiveCfg = Release|Any CPU
		{8D4D0AD0-71C2-4D4D-9D83-C544D774272C}.Release|Any CPU.Build.0 = Release|Any CPU
		{8D4D0AD0-71C2-4D4D-9D83-C544D774272C}.Release|x64.ActiveCfg = Release|Any CPU
		{8D4D0AD0-71C2-4D4D-9D83-C544D774272C}.Release|x64.Build.0 = Release|Any CPU
		{8D4D0AD0-71C2-4D4D-9D83-C544D774272C}.Release|x86.ActiveCfg = Release|Any CPU
		{8D4D0AD0-71C2-4D4D-9D83-C544D774272C}.Release|x86.Build.0 = Release|Any CPU
	EndGlobalSection
EndGlobal
